
Microsoft Visual Studio Solution File, Format Version 12.00
# Visual Studio Version 16
VisualStudioVersion = 16.0.30907.101
MinimumVisualStudioVersion = 10.0.40219.1
Project("{FAE04EC0-301F-11D3-BF4B-00C04F79EFBC}") = "TestDocX", "TestDocX\TestDocX.csproj", "{C7A8FF6B-1B03-4F79-9032-DB254EC7E394}"
EndProject
Global
	GlobalSection(SolutionConfigurationPlatforms) = preSolution
		Debug|Any CPU = Debug|Any CPU
		Release|Any CPU = Release|Any CPU
	EndGlobalSection
	GlobalSection(ProjectConfigurationPlatforms) = postSolution
		{C7A8FF6B-1B03-4F79-9032-DB254EC7E394}.Debug|Any CPU.ActiveCfg = Debug|Any CPU
		{C7A8FF6B-1B03-4F79-9032-DB254EC7E394}.Debug|Any CPU.Build.0 = Debug|Any CPU
		{C7A8FF6B-1B03-4F79-9032-DB254EC7E394}.Release|Any CPU.ActiveCfg = Release|Any CPU
		{C7A8FF6B-1B03-4F79-9032-DB254EC7E394}.Release|Any CPU.Build.0 = Release|Any CPU
	EndGlobalSection
	GlobalSection(SolutionProperties) = preSolution
		HideSolutionNode = FALSE
	EndGlobalSection
	GlobalSection(ExtensibilityGlobals) = postSolution
		SolutionGuid = {AE3E009C-A286-4B92-B727-F26A36D2863F}
	EndGlobalSection
EndGlobal
